
Microsoft Visual Studio Solution File, Format Version 12.00
# Visual Studio 15
VisualStudioVersion = 15.0.28307.1000
MinimumVisualStudioVersion = 10.0.40219.1
Project("{8BC9CEB8-8B4A-11D0-8D11-00A0C91BC942}") = "ConversionVector", "ConversionVector\ConversionVector.vcxproj", "{879EA462-F581-4BFD-9123-C8B5FD3F9239}"
EndProject
Project("{8BC9CEB8-8B4A-11D0-8D11-00A0C91BC942}") = "ConversionVector_test", "ConversionVector_test\ConversionVector_test.vcxproj", "{AB93969D-769D-4CF0-8DC2-98B354940DF7}"
EndProject
Project("{8BC9CEB8-8B4A-11D0-8D11-00A0C91BC942}") = "FindAndReplace", "FindAndReplace\FindAndReplace.vcxproj", "{DA610739-FBB1-4E27-B685-D23AEC58F871}"
EndProject
Project("{8BC9CEB8-8B4A-11D0-8D11-00A0C91BC942}") = "FindAndReplace_test", "FindAndReplace_test\FindAndReplace_test.vcxproj", "{F4E16E6B-C844-478D-A3D7-C1B6DA38CFF2}"
EndProject
Project("{8BC9CEB8-8B4A-11D0-8D11-00A0C91BC942}") = "Dictionary", "Dictionary\Dictionary.vcxproj", "{57F19769-DE87-4F83-8034-5742E397BAB4}"
EndProject
Project("{8BC9CEB8-8B4A-11D0-8D11-00A0C91BC942}") = "Dictionary_test", "Dictionary_test\Dictionary_test.vcxproj", "{ADE75A0E-3E39-4FD4-8112-DD0857F0BB17}"
EndProject
Project("{8BC9CEB8-8B4A-11D0-8D11-00A0C91BC942}") = "PrimeNumbers", "PrimeNumbers\PrimeNumbers.vcxproj", "{18C656D5-AF51-420B-9B54-35638981D80E}"
EndProject
Project("{8BC9CEB8-8B4A-11D0-8D11-00A0C91BC942}") = "PrimeNumbers_test", "PrimeNumbers_test\PrimeNumbers_test.vcxproj", "{9FE5B685-AC69-4004-AB1D-E8A122892CFA}"
EndProject
Global
	GlobalSection(SolutionConfigurationPlatforms) = preSolution
		Debug|x64 = Debug|x64
		Debug|x86 = Debug|x86
		Release|x64 = Release|x64
		Release|x86 = Release|x86
	EndGlobalSection
	GlobalSection(ProjectConfigurationPlatforms) = postSolution
		{879EA462-F581-4BFD-9123-C8B5FD3F9239}.Debug|x64.ActiveCfg = Debug|x64
		{879EA462-F581-4BFD-9123-C8B5FD3F9239}.Debug|x64.Build.0 = Debug|x64
		{879EA462-F581-4BFD-9123-C8B5FD3F9239}.Debug|x86.ActiveCfg = Debug|Win32
		{879EA462-F581-4BFD-9123-C8B5FD3F9239}.Debug|x86.Build.0 = Debug|Win32
		{879EA462-F581-4BFD-9123-C8B5FD3F9239}.Release|x64.ActiveCfg = Release|x64
		{879EA462-F581-4BFD-9123-C8B5FD3F9239}.Release|x64.Build.0 = Release|x64
		{879EA462-F581-4BFD-9123-C8B5FD3F9239}.Release|x86.ActiveCfg = Release|Win32
		{879EA462-F581-4BFD-9123-C8B5FD3F9239}.Release|x86.Build.0 = Release|Win32
		{AB93969D-769D-4CF0-8DC2-98B354940DF7}.Debug|x64.ActiveCfg = Debug|x64
		{AB93969D-769D-4CF0-8DC2-98B354940DF7}.Debug|x64.Build.0 = Debug|x64
		{AB93969D-769D-4CF0-8DC2-98B354940DF7}.Debug|x86.ActiveCfg = Debug|Win32
		{AB93969D-769D-4CF0-8DC2-98B354940DF7}.Debug|x86.Build.0 = Debug|Win32
		{AB93969D-769D-4CF0-8DC2-98B354940DF7}.Release|x64.ActiveCfg = Release|x64
		{AB93969D-769D-4CF0-8DC2-98B354940DF7}.Release|x64.Build.0 = Release|x64
		{AB93969D-769D-4CF0-8DC2-98B354940DF7}.Release|x86.ActiveCfg = Release|Win32
		{AB93969D-769D-4CF0-8DC2-98B354940DF7}.Release|x86.Build.0 = Release|Win32
		{DA610739-FBB1-4E27-B685-D23AEC58F871}.Debug|x64.ActiveCfg = Debug|x64
		{DA610739-FBB1-4E27-B685-D23AEC58F871}.Debug|x64.Build.0 = Debug|x64
		{DA610739-FBB1-4E27-B685-D23AEC58F871}.Debug|x86.ActiveCfg = Debug|Win32
		{DA610739-FBB1-4E27-B685-D23AEC58F871}.Debug|x86.Build.0 = Debug|Win32
		{DA610739-FBB1-4E27-B685-D23AEC58F871}.Release|x64.ActiveCfg = Release|x64
		{DA610739-FBB1-4E27-B685-D23AEC58F871}.Release|x64.Build.0 = Release|x64
		{DA610739-FBB1-4E27-B685-D23AEC58F871}.Release|x86.ActiveCfg = Release|Win32
		{DA610739-FBB1-4E27-B685-D23AEC58F871}.Release|x86.Build.0 = Release|Win32
		{F4E16E6B-C844-478D-A3D7-C1B6DA38CFF2}.Debug|x64.ActiveCfg = Debug|x64
		{F4E16E6B-C844-478D-A3D7-C1B6DA38CFF2}.Debug|x64.Build.0 = Debug|x64
		{F4E16E6B-C844-478D-A3D7-C1B6DA38CFF2}.Debug|x86.ActiveCfg = Debug|Win32
		{F4E16E6B-C844-478D-A3D7-C1B6DA38CFF2}.Debug|x86.Build.0 = Debug|Win32
		{F4E16E6B-C844-478D-A3D7-C1B6DA38CFF2}.Release|x64.ActiveCfg = Release|x64
		{F4E16E6B-C844-478D-A3D7-C1B6DA38CFF2}.Release|x64.Build.0 = Release|x64
		{F4E16E6B-C844-478D-A3D7-C1B6DA38CFF2}.Release|x86.ActiveCfg = Release|Win32
		{F4E16E6B-C844-478D-A3D7-C1B6DA38CFF2}.Release|x86.Build.0 = Release|Win32
		{57F19769-DE87-4F83-8034-5742E397BAB4}.Debug|x64.ActiveCfg = Debug|x64
		{57F19769-DE87-4F83-8034-5742E397BAB4}.Debug|x64.Build.0 = Debug|x64
		{57F19769-DE87-4F83-8034-5742E397BAB4}.Debug|x86.ActiveCfg = Debug|Win32
		{57F19769-DE87-4F83-8034-5742E397BAB4}.Debug|x86.Build.0 = Debug|Win32
		{57F19769-DE87-4F83-8034-5742E397BAB4}.Release|x64.ActiveCfg = Release|x64
		{57F19769-DE87-4F83-8034-5742E397BAB4}.Release|x64.Build.0 = Release|x64
		{57F19769-DE87-4F83-8034-5742E397BAB4}.Release|x86.ActiveCfg = Release|Win32
		{57F19769-DE87-4F83-8034-5742E397BAB4}.Release|x86.Build.0 = Release|Win32
		{ADE75A0E-3E39-4FD4-8112-DD0857F0BB17}.Debug|x64.ActiveCfg = Debug|x64
		{ADE75A0E-3E39-4FD4-8112-DD0857F0BB17}.Debug|x64.Build.0 = Debug|x64
		{ADE75A0E-3E39-4FD4-8112-DD0857F0BB17}.Debug|x86.ActiveCfg = Debug|Win32
		{ADE75A0E-3E39-4FD4-8112-DD0857F0BB17}.Debug|x86.Build.0 = Debug|Win32
		{ADE75A0E-3E39-4FD4-8112-DD0857F0BB17}.Release|x64.ActiveCfg = Release|x64
		{ADE75A0E-3E39-4FD4-8112-DD0857F0BB17}.Release|x64.Build.0 = Release|x64
		{ADE75A0E-3E39-4FD4-8112-DD0857F0BB17}.Release|x86.ActiveCfg = Release|Win32
		{ADE75A0E-3E39-4FD4-8112-DD0857F0BB17}.Release|x86.Build.0 = Release|Win32
		{18C656D5-AF51-420B-9B54-35638981D80E}.Debug|x64.ActiveCfg = Debug|x64
		{18C656D5-AF51-420B-9B54-35638981D80E}.Debug|x64.Build.0 = Debug|x64
		{18C656D5-AF51-420B-9B54-35638981D80E}.Debug|x86.ActiveCfg = Debug|Win32
		{18C656D5-AF51-420B-9B54-35638981D80E}.Debug|x86.Build.0 = Debug|Win32
		{18C656D5-AF51-420B-9B54-35638981D80E}.Release|x64.ActiveCfg = Release|x64
		{18C656D5-AF51-420B-9B54-35638981D80E}.Release|x64.Build.0 = Release|x64
		{18C656D5-AF51-420B-9B54-35638981D80E}.Release|x86.ActiveCfg = Release|Win32
		{18C656D5-AF51-420B-9B54-35638981D80E}.Release|x86.Build.0 = Release|Win32
		{9FE5B685-AC69-4004-AB1D-E8A122892CFA}.Debug|x64.ActiveCfg = Debug|x64
		{9FE5B685-AC69-4004-AB1D-E8A122892CFA}.Debug|x64.Build.0 = Debug|x64
		{9FE5B685-AC69-4004-AB1D-E8A122892CFA}.Debug|x86.ActiveCfg = Debug|Win32
		{9FE5B685-AC69-4004-AB1D-E8A122892CFA}.Debug|x86.Build.0 = Debug|Win32
		{9FE5B685-AC69-4004-AB1D-E8A122892CFA}.Release|x64.ActiveCfg = Release|x64
		{9FE5B685-AC69-4004-AB1D-E8A122892CFA}.Release|x64.Build.0 = Release|x64
		{9FE5B685-AC69-4004-AB1D-E8A122892CFA}.Release|x86.ActiveCfg = Release|Win32
		{9FE5B685-AC69-4004-AB1D-E8A122892CFA}.Release|x86.Build.0 = Release|Win32
	EndGlobalSection
	GlobalSection(SolutionProperties) = preSolution
		HideSolutionNode = FALSE
	EndGlobalSection
	GlobalSection(ExtensibilityGlobals) = postSolution
		SolutionGuid = {EC6D72C0-0495-47F5-83F7-C62042667749}
	EndGlobalSection
EndGlobal
